
Microsoft Visual Studio Solution File, Format Version 12.00
# Visual Studio 2012
Project("{2150E333-8FDC-42A3-9474-1A3956D46DE8}") = "01.Assembly", "01.Assembly", "{40099B73-3A2C-426A-8DC1-560928FDDDB0}"
EndProject
Project("{2150E333-8FDC-42A3-9474-1A3956D46DE8}") = "02.WcfFramework", "02.WcfFramework", "{B542563B-50DF-454C-B817-11D4B6156557}"
EndProject
Project("{2150E333-8FDC-42A3-9474-1A3956D46DE8}") = "03.Utility", "03.Utility", "{96C4EA6D-69E0-454D-A17D-822DF052EEEC}"
EndProject
Project("{2150E333-8FDC-42A3-9474-1A3956D46DE8}") = "04.DataAccess", "04.DataAccess", "{8D6AB20D-2DDD-4293-9CE6-96D1A2524408}"
EndProject
Project("{2150E333-8FDC-42A3-9474-1A3956D46DE8}") = "05.Contract", "05.Contract", "{65586714-1F0A-406D-BB48-D67702E5E220}"
EndProject
Project("{2150E333-8FDC-42A3-9474-1A3956D46DE8}") = "06.Business", "06.Business", "{617BB9A1-851B-43AC-8E85-60EB012B15FC}"
EndProject
Project("{2150E333-8FDC-42A3-9474-1A3956D46DE8}") = "07.Client", "07.Client", "{C936EAD1-A467-4D30-9371-59B43D006EE5}"
EndProject
Project("{2150E333-8FDC-42A3-9474-1A3956D46DE8}") = "08.Server", "08.Server", "{3BB242D8-3810-4E2B-B2F1-2A656F0691B2}"
EndProject
Project("{E24C65DC-7377-472B-9ABA-BC803B73C61A}") = "Assembly", "http://localhost:30914", "{B66FA591-2368-457C-95F8-4ACD37A2AEC3}"
	ProjectSection(WebsiteProperties) = preProject
		SccProjectName = "Svn"
		SccAuxPath = "Svn"
		SccLocalPath = "Svn"
		SccProvider = "SubversionScc"
		Frontpage = "false"
		UseIISExpress = "true"
		TargetFrameworkMoniker = ".NETFramework,Version%3Dv4.5"
		Debug.AspNetCompiler.VirtualPath = "/localhost_30914"
		Debug.AspNetCompiler.PhysicalPath = "Assembly\"
		Debug.AspNetCompiler.TargetPath = "PrecompiledWeb\localhost_30914\"
		Debug.AspNetCompiler.Updateable = "true"
		Debug.AspNetCompiler.ForceOverwrite = "true"
		Debug.AspNetCompiler.FixedNames = "false"
		Debug.AspNetCompiler.Debug = "True"
		Release.AspNetCompiler.VirtualPath = "/localhost_30914"
		Release.AspNetCompiler.PhysicalPath = "Assembly\"
		Release.AspNetCompiler.TargetPath = "PrecompiledWeb\localhost_30914\"
		Release.AspNetCompiler.Updateable = "true"
		Release.AspNetCompiler.ForceOverwrite = "true"
		Release.AspNetCompiler.FixedNames = "false"
		Release.AspNetCompiler.Debug = "False"
		SlnRelativePath = "Assembly\"
		DefaultWebSiteLanguage = "Visual C#"
	EndProjectSection
	ProjectSection(SvnOrigin) = preProject
		@Keys = Enlist,Svn.Uri
		Enlist = Required
		Svn.Uri = Assembly/
	EndProjectSection
EndProject
Project("{2150E333-8FDC-42A3-9474-1A3956D46DE8}") = "09.UT", "09.UT", "{AF91BA04-653D-415D-9D5E-88C8429DFC15}"
EndProject
Project("{FAE04EC0-301F-11D3-BF4B-00C04F79EFBC}") = "arvato.CRM.SettingTool", "arvato.CRM.SettingTool\arvato.CRM.SettingTool.csproj", "{55E2F71E-2CF3-4AF2-AE6A-27C3329402F2}"
EndProject
Project("{FAE04EC0-301F-11D3-BF4B-00C04F79EFBC}") = "Arvato.CRM.WcfFramework", "Arvato.CRM.WcfFramework\Arvato.CRM.WcfFramework.csproj", "{D8F64F34-961C-497C-BABA-D72A860195BB}"
EndProject
Project("{FAE04EC0-301F-11D3-BF4B-00C04F79EFBC}") = "Arvato.CRM.Model", "Arvato.CRM.Model\Arvato.CRM.Model.csproj", "{411EEB34-F6AB-4256-9CDB-20039F5A4C52}"
EndProject
Project("{FAE04EC0-301F-11D3-BF4B-00C04F79EFBC}") = "Arvato.CRM.Utility", "Arvato.CRM.Utility\Arvato.CRM.Utility.csproj", "{8299E0F5-5972-4DDA-AFF8-5041A82E71FC}"
EndProject
Project("{FAE04EC0-301F-11D3-BF4B-00C04F79EFBC}") = "Arvato.CRM.EF", "Arvato.CRM.EF\Arvato.CRM.EF.csproj", "{59428B4B-424D-4A98-A8A3-21629933D448}"
EndProject
Project("{FAE04EC0-301F-11D3-BF4B-00C04F79EFBC}") = "Arvato.CRM.Report.EF", "Arvato.CRM.Report.EF\Arvato.CRM.Report.EF.csproj", "{35362311-433A-4248-ABAB-D0B8084569F7}"
EndProject
Project("{FAE04EC0-301F-11D3-BF4B-00C04F79EFBC}") = "Arvato.CRM.BizContract", "Arvato.CRM.BizContract\Arvato.CRM.BizContract.csproj", "{DFA5D9A9-60D2-4CA7-9662-F2282350717B}"
EndProject
Project("{FAE04EC0-301F-11D3-BF4B-00C04F79EFBC}") = "Arvato.CRM.BizCommon", "Arvato.CRM.BizCommon\Arvato.CRM.BizCommon.csproj", "{40447D61-3BD5-4384-AA0A-901C08AEB6D2}"
EndProject
Project("{FAE04EC0-301F-11D3-BF4B-00C04F79EFBC}") = "Arvato.CRM.BizLogic", "Arvato.CRM.BizLogic\Arvato.CRM.BizLogic.csproj", "{AD9B842C-0F3E-4EDE-84CF-3623779E3DE0}"
EndProject
Project("{FAE04EC0-301F-11D3-BF4B-00C04F79EFBC}") = "Arvato.CRM.CommunicateLogic", "Arvato.CRM.CommunicateLogic\Arvato.CRM.CommunicateLogic.csproj", "{04160C2F-AC4E-40E8-B992-A1B3C9303A46}"
EndProject
Project("{FAE04EC0-301F-11D3-BF4B-00C04F79EFBC}") = "Arvato.CRM.MemberSubdivisionLogic", "Arvato.CRM.MemberSubdivisionLogic\Arvato.CRM.MemberSubdivisionLogic.csproj", "{BEC88CA6-F599-45BE-9F20-E85AD4D51225}"
EndProject
Project("{FAE04EC0-301F-11D3-BF4B-00C04F79EFBC}") = "Arvato.CRM.MarketActivityLogic", "Arvato.CRM.MarketActivityLogic\Arvato.CRM.MarketActivityLogic.csproj", "{984A5A80-6F05-4F57-B411-1E9A5EAC7512}"
EndProject
Project("{FAE04EC0-301F-11D3-BF4B-00C04F79EFBC}") = "Arvato.CRM.Trigger", "Arvato.CRM.Trigger\Arvato.CRM.Trigger.csproj", "{64D50121-819E-43B7-8CF0-3B83938AA2E4}"
EndProject
Project("{FAE04EC0-301F-11D3-BF4B-00C04F79EFBC}") = "Arvato.CRM.SycnLogic", "Arvato.CRM.SycnLogic\Arvato.CRM.SycnLogic.csproj", "{64283DE9-F5C8-4984-9B62-1528411340CF}"
EndProject
Project("{FAE04EC0-301F-11D3-BF4B-00C04F79EFBC}") = "Arvato.CRM.WebApplication", "Arvato.CRM.WebApplication\Arvato.CRM.WebApplication.csproj", "{EF501428-9D5C-4A58-826B-66239AFEB920}"
EndProject
Project("{FAE04EC0-301F-11D3-BF4B-00C04F79EFBC}") = "Arvato.CRM.DebugHost", "Arvato.CRM.DebugHost\Arvato.CRM.DebugHost.csproj", "{4F4BAC4E-C69F-4522-B715-EDBA6B433CE5}"
EndProject
Project("{FAE04EC0-301F-11D3-BF4B-00C04F79EFBC}") = "Arvato.CRM.LoyaltyEngine", "Arvato.CRM.LoyaltyEngine\Arvato.CRM.LoyaltyEngine.csproj", "{E5EA9529-AF15-4E64-B257-C02AA10B21CA}"
EndProject
Project("{FAE04EC0-301F-11D3-BF4B-00C04F79EFBC}") = "Arvato.CRM.SubdivisionEngine", "Arvato.CRM.SubdivisionEngine\Arvato.CRM.SubdivisionEngine.csproj", "{FF7FF725-AEE3-49EE-9F3F-79E727A95F59}"
EndProject
Project("{FAE04EC0-301F-11D3-BF4B-00C04F79EFBC}") = "Arvato.CRM.SycnDebugHost", "Arvato.CRM.SycnDebugHost\Arvato.CRM.SycnDebugHost.csproj", "{066C2EE2-3B62-4981-A839-9BFC7FE2E75C}"
EndProject
Project("{FAE04EC0-301F-11D3-BF4B-00C04F79EFBC}") = "Arvato.CRM.MarketActivityEngine", "Arvato.CRM.MarketActivityEngine\Arvato.CRM.MarketActivityEngine.csproj", "{4854766B-8F69-4D7F-82D8-EBE856E67A70}"
EndProject
Project("{FAE04EC0-301F-11D3-BF4B-00C04F79EFBC}") = "Arvato.CRM.WCFHost", "Arvato.CRM.WCFHost\Arvato.CRM.WCFHost.csproj", "{E598E91F-31AD-4806-B575-0107BEDAA7E3}"
EndProject
Project("{FAE04EC0-301F-11D3-BF4B-00C04F79EFBC}") = "Arvato.CRM.CommunicateEngine", "Arvato.CRM.CommunicateEngine\Arvato.CRM.CommunicateEngine.csproj", "{A9E8418D-6BCB-4518-80ED-6BF7A6A53C7D}"
EndProject
Project("{FAE04EC0-301F-11D3-BF4B-00C04F79EFBC}") = "Arvato.CRM.SycnServer", "Arvato.CRM.SycnServer\Arvato.CRM.SycnServer.csproj", "{C595EC45-5D98-4638-8EEE-845D1B39F0CA}"
EndProject
Project("{FAE04EC0-301F-11D3-BF4B-00C04F79EFBC}") = "Arvato.CRM.LoyaltyWebApi", "Arvato.CRM.LoyaltyWebApi\Arvato.CRM.LoyaltyWebApi.csproj", "{601F5642-5058-4863-9658-A7773D0FD699}"
EndProject
Project("{FAE04EC0-301F-11D3-BF4B-00C04F79EFBC}") = "Arvato.CRM.UtilityTest", "Arvato.CRM.UtilityTest\Arvato.CRM.UtilityTest.csproj", "{8F35E241-9895-421F-A34E-C78CBB323113}"
EndProject
Project("{FAE04EC0-301F-11D3-BF4B-00C04F79EFBC}") = "Arvato.CRM.CommonUT", "Arvato.CRM.CommonUT\Arvato.CRM.CommonUT.csproj", "{62107E3E-EF3C-45DF-AE87-50C3C545D667}"
EndProject
Project("{FAE04EC0-301F-11D3-BF4B-00C04F79EFBC}") = "Timer.CRM.JposInterfaceLogic", "Timer.CRM.JposInterfaceLogic\Timer.CRM.JposInterfaceLogic.csproj", "{649F891D-D221-48F6-8707-AFBD1ABE52E1}"
EndProject
Project("{FAE04EC0-301F-11D3-BF4B-00C04F79EFBC}") = "Timer.Interface.JPosWebApi", "Timer.Interface.JPosWebApi\Timer.Interface.JPosWebApi.csproj", "{4597CC73-7506-41B5-8873-81AA8226F352}"
EndProject
Project("{FAE04EC0-301F-11D3-BF4B-00C04F79EFBC}") = "Timer.Interface.WechatWebApi", "Timer.Interface.WechatWebApi\Timer.Interface.WechatWebApi.csproj", "{FCCD04B2-777E-4513-A410-DD66EE80C598}"
EndProject
Project("{FAE04EC0-301F-11D3-BF4B-00C04F79EFBC}") = "Timer.CRM.WechatInterfaceLogic", "Timer.CRM.WechatInterfaceLogic\Timer.CRM.WechatInterfaceLogic.csproj", "{79C3A681-A051-40A1-8383-0F20165E8A64}"
EndProject
Global
	GlobalSection(SubversionScc) = preSolution
		Svn-Managed = True
		Manager = AnkhSVN - Subversion Support for Visual Studio
	EndGlobalSection
	GlobalSection(SolutionConfigurationPlatforms) = preSolution
		Debug|Any CPU = Debug|Any CPU
		Release|Any CPU = Release|Any CPU
	EndGlobalSection
	GlobalSection(ProjectConfigurationPlatforms) = postSolution
		{B66FA591-2368-457C-95F8-4ACD37A2AEC3}.Debug|Any CPU.ActiveCfg = Debug|Any CPU
		{B66FA591-2368-457C-95F8-4ACD37A2AEC3}.Debug|Any CPU.Build.0 = Debug|Any CPU
		{B66FA591-2368-457C-95F8-4ACD37A2AEC3}.Release|Any CPU.ActiveCfg = Debug|Any CPU
		{B66FA591-2368-457C-95F8-4ACD37A2AEC3}.Release|Any CPU.Build.0 = Debug|Any CPU
		{55E2F71E-2CF3-4AF2-AE6A-27C3329402F2}.Debug|Any CPU.ActiveCfg = Debug|Any CPU
		{55E2F71E-2CF3-4AF2-AE6A-27C3329402F2}.Debug|Any CPU.Build.0 = Debug|Any CPU
		{55E2F71E-2CF3-4AF2-AE6A-27C3329402F2}.Release|Any CPU.ActiveCfg = Release|Any CPU
		{55E2F71E-2CF3-4AF2-AE6A-27C3329402F2}.Release|Any CPU.Build.0 = Release|Any CPU
		{D8F64F34-961C-497C-BABA-D72A860195BB}.Debug|Any CPU.ActiveCfg = Debug|Any CPU
		{D8F64F34-961C-497C-BABA-D72A860195BB}.Debug|Any CPU.Build.0 = Debug|Any CPU
		{D8F64F34-961C-497C-BABA-D72A860195BB}.Release|Any CPU.ActiveCfg = Release|Any CPU
		{D8F64F34-961C-497C-BABA-D72A860195BB}.Release|Any CPU.Build.0 = Release|Any CPU
		{411EEB34-F6AB-4256-9CDB-20039F5A4C52}.Debug|Any CPU.ActiveCfg = Debug|Any CPU
		{411EEB34-F6AB-4256-9CDB-20039F5A4C52}.Debug|Any CPU.Build.0 = Debug|Any CPU
		{411EEB34-F6AB-4256-9CDB-20039F5A4C52}.Release|Any CPU.ActiveCfg = Release|Any CPU
		{411EEB34-F6AB-4256-9CDB-20039F5A4C52}.Release|Any CPU.Build.0 = Release|Any CPU
		{8299E0F5-5972-4DDA-AFF8-5041A82E71FC}.Debug|Any CPU.ActiveCfg = Debug|Any CPU
		{8299E0F5-5972-4DDA-AFF8-5041A82E71FC}.Debug|Any CPU.Build.0 = Debug|Any CPU
		{8299E0F5-5972-4DDA-AFF8-5041A82E71FC}.Release|Any CPU.ActiveCfg = Release|Any CPU
		{8299E0F5-5972-4DDA-AFF8-5041A82E71FC}.Release|Any CPU.Build.0 = Release|Any CPU
		{59428B4B-424D-4A98-A8A3-21629933D448}.Debug|Any CPU.ActiveCfg = Debug|Any CPU
		{59428B4B-424D-4A98-A8A3-21629933D448}.Debug|Any CPU.Build.0 = Debug|Any CPU
		{59428B4B-424D-4A98-A8A3-21629933D448}.Release|Any CPU.ActiveCfg = Release|Any CPU
		{59428B4B-424D-4A98-A8A3-21629933D448}.Release|Any CPU.Build.0 = Release|Any CPU
		{35362311-433A-4248-ABAB-D0B8084569F7}.Debug|Any CPU.ActiveCfg = Debug|Any CPU
		{35362311-433A-4248-ABAB-D0B8084569F7}.Debug|Any CPU.Build.0 = Debug|Any CPU
		{35362311-433A-4248-ABAB-D0B8084569F7}.Release|Any CPU.ActiveCfg = Release|Any CPU
		{35362311-433A-4248-ABAB-D0B8084569F7}.Release|Any CPU.Build.0 = Release|Any CPU
		{DFA5D9A9-60D2-4CA7-9662-F2282350717B}.Debug|Any CPU.ActiveCfg = Debug|Any CPU
		{DFA5D9A9-60D2-4CA7-9662-F2282350717B}.Debug|Any CPU.Build.0 = Debug|Any CPU
		{DFA5D9A9-60D2-4CA7-9662-F2282350717B}.Release|Any CPU.ActiveCfg = Release|Any CPU
		{DFA5D9A9-60D2-4CA7-9662-F2282350717B}.Release|Any CPU.Build.0 = Release|Any CPU
		{40447D61-3BD5-4384-AA0A-901C08AEB6D2}.Debug|Any CPU.ActiveCfg = Debug|Any CPU
		{40447D61-3BD5-4384-AA0A-901C08AEB6D2}.Debug|Any CPU.Build.0 = Debug|Any CPU
		{40447D61-3BD5-4384-AA0A-901C08AEB6D2}.Release|Any CPU.ActiveCfg = Release|Any CPU
		{40447D61-3BD5-4384-AA0A-901C08AEB6D2}.Release|Any CPU.Build.0 = Release|Any CPU
		{AD9B842C-0F3E-4EDE-84CF-3623779E3DE0}.Debug|Any CPU.ActiveCfg = Debug|Any CPU
		{AD9B842C-0F3E-4EDE-84CF-3623779E3DE0}.Debug|Any CPU.Build.0 = Debug|Any CPU
		{AD9B842C-0F3E-4EDE-84CF-3623779E3DE0}.Release|Any CPU.ActiveCfg = Release|Any CPU
		{AD9B842C-0F3E-4EDE-84CF-3623779E3DE0}.Release|Any CPU.Build.0 = Release|Any CPU
		{04160C2F-AC4E-40E8-B992-A1B3C9303A46}.Debug|Any CPU.ActiveCfg = Debug|Any CPU
		{04160C2F-AC4E-40E8-B992-A1B3C9303A46}.Debug|Any CPU.Build.0 = Debug|Any CPU
		{04160C2F-AC4E-40E8-B992-A1B3C9303A46}.Release|Any CPU.ActiveCfg = Release|Any CPU
		{04160C2F-AC4E-40E8-B992-A1B3C9303A46}.Release|Any CPU.Build.0 = Release|Any CPU
		{BEC88CA6-F599-45BE-9F20-E85AD4D51225}.Debug|Any CPU.ActiveCfg = Debug|Any CPU
		{BEC88CA6-F599-45BE-9F20-E85AD4D51225}.Debug|Any CPU.Build.0 = Debug|Any CPU
		{BEC88CA6-F599-45BE-9F20-E85AD4D51225}.Release|Any CPU.ActiveCfg = Release|Any CPU
		{BEC88CA6-F599-45BE-9F20-E85AD4D51225}.Release|Any CPU.Build.0 = Release|Any CPU
		{984A5A80-6F05-4F57-B411-1E9A5EAC7512}.Debug|Any CPU.ActiveCfg = Debug|Any CPU
		{984A5A80-6F05-4F57-B411-1E9A5EAC7512}.Debug|Any CPU.Build.0 = Debug|Any CPU
		{984A5A80-6F05-4F57-B411-1E9A5EAC7512}.Release|Any CPU.ActiveCfg = Release|Any CPU
		{984A5A80-6F05-4F57-B411-1E9A5EAC7512}.Release|Any CPU.Build.0 = Release|Any CPU
		{64D50121-819E-43B7-8CF0-3B83938AA2E4}.Debug|Any CPU.ActiveCfg = Debug|Any CPU
		{64D50121-819E-43B7-8CF0-3B83938AA2E4}.Debug|Any CPU.Build.0 = Debug|Any CPU
		{64D50121-819E-43B7-8CF0-3B83938AA2E4}.Release|Any CPU.ActiveCfg = Release|Any CPU
		{64D50121-819E-43B7-8CF0-3B83938AA2E4}.Release|Any CPU.Build.0 = Release|Any CPU
		{64283DE9-F5C8-4984-9B62-1528411340CF}.Debug|Any CPU.ActiveCfg = Debug|Any CPU
		{64283DE9-F5C8-4984-9B62-1528411340CF}.Debug|Any CPU.Build.0 = Debug|Any CPU
		{64283DE9-F5C8-4984-9B62-1528411340CF}.Release|Any CPU.ActiveCfg = Release|Any CPU
		{64283DE9-F5C8-4984-9B62-1528411340CF}.Release|Any CPU.Build.0 = Release|Any CPU
		{EF501428-9D5C-4A58-826B-66239AFEB920}.Debug|Any CPU.ActiveCfg = Debug|Any CPU
		{EF501428-9D5C-4A58-826B-66239AFEB920}.Debug|Any CPU.Build.0 = Debug|Any CPU
		{EF501428-9D5C-4A58-826B-66239AFEB920}.Release|Any CPU.ActiveCfg = Release|Any CPU
		{EF501428-9D5C-4A58-826B-66239AFEB920}.Release|Any CPU.Build.0 = Release|Any CPU
		{4F4BAC4E-C69F-4522-B715-EDBA6B433CE5}.Debug|Any CPU.ActiveCfg = Debug|Any CPU
		{4F4BAC4E-C69F-4522-B715-EDBA6B433CE5}.Debug|Any CPU.Build.0 = Debug|Any CPU
		{4F4BAC4E-C69F-4522-B715-EDBA6B433CE5}.Release|Any CPU.ActiveCfg = Release|Any CPU
		{4F4BAC4E-C69F-4522-B715-EDBA6B433CE5}.Release|Any CPU.Build.0 = Release|Any CPU
		{E5EA9529-AF15-4E64-B257-C02AA10B21CA}.Debug|Any CPU.ActiveCfg = Debug|Any CPU
		{E5EA9529-AF15-4E64-B257-C02AA10B21CA}.Debug|Any CPU.Build.0 = Debug|Any CPU
		{E5EA9529-AF15-4E64-B257-C02AA10B21CA}.Release|Any CPU.ActiveCfg = Release|Any CPU
		{E5EA9529-AF15-4E64-B257-C02AA10B21CA}.Release|Any CPU.Build.0 = Release|Any CPU
		{FF7FF725-AEE3-49EE-9F3F-79E727A95F59}.Debug|Any CPU.ActiveCfg = Debug|Any CPU
		{FF7FF725-AEE3-49EE-9F3F-79E727A95F59}.Debug|Any CPU.Build.0 = Debug|Any CPU
		{FF7FF725-AEE3-49EE-9F3F-79E727A95F59}.Release|Any CPU.ActiveCfg = Release|Any CPU
		{FF7FF725-AEE3-49EE-9F3F-79E727A95F59}.Release|Any CPU.Build.0 = Release|Any CPU
		{066C2EE2-3B62-4981-A839-9BFC7FE2E75C}.Debug|Any CPU.ActiveCfg = Debug|Any CPU
		{066C2EE2-3B62-4981-A839-9BFC7FE2E75C}.Debug|Any CPU.Build.0 = Debug|Any CPU
		{066C2EE2-3B62-4981-A839-9BFC7FE2E75C}.Release|Any CPU.ActiveCfg = Release|Any CPU
		{066C2EE2-3B62-4981-A839-9BFC7FE2E75C}.Release|Any CPU.Build.0 = Release|Any CPU
		{4854766B-8F69-4D7F-82D8-EBE856E67A70}.Debug|Any CPU.ActiveCfg = Debug|Any CPU
		{4854766B-8F69-4D7F-82D8-EBE856E67A70}.Debug|Any CPU.Build.0 = Debug|Any CPU
		{4854766B-8F69-4D7F-82D8-EBE856E67A70}.Release|Any CPU.ActiveCfg = Release|Any CPU
		{4854766B-8F69-4D7F-82D8-EBE856E67A70}.Release|Any CPU.Build.0 = Release|Any CPU
		{E598E91F-31AD-4806-B575-0107BEDAA7E3}.Debug|Any CPU.ActiveCfg = Debug|Any CPU
		{E598E91F-31AD-4806-B575-0107BEDAA7E3}.Debug|Any CPU.Build.0 = Debug|Any CPU
		{E598E91F-31AD-4806-B575-0107BEDAA7E3}.Release|Any CPU.ActiveCfg = Release|Any CPU
		{E598E91F-31AD-4806-B575-0107BEDAA7E3}.Release|Any CPU.Build.0 = Release|Any CPU
		{A9E8418D-6BCB-4518-80ED-6BF7A6A53C7D}.Debug|Any CPU.ActiveCfg = Debug|Any CPU
		{A9E8418D-6BCB-4518-80ED-6BF7A6A53C7D}.Debug|Any CPU.Build.0 = Debug|Any CPU
		{A9E8418D-6BCB-4518-80ED-6BF7A6A53C7D}.Release|Any CPU.ActiveCfg = Release|Any CPU
		{A9E8418D-6BCB-4518-80ED-6BF7A6A53C7D}.Release|Any CPU.Build.0 = Release|Any CPU
		{C595EC45-5D98-4638-8EEE-845D1B39F0CA}.Debug|Any CPU.ActiveCfg = Debug|Any CPU
		{C595EC45-5D98-4638-8EEE-845D1B39F0CA}.Debug|Any CPU.Build.0 = Debug|Any CPU
		{C595EC45-5D98-4638-8EEE-845D1B39F0CA}.Release|Any CPU.ActiveCfg = Release|Any CPU
		{C595EC45-5D98-4638-8EEE-845D1B39F0CA}.Release|Any CPU.Build.0 = Release|Any CPU
		{601F5642-5058-4863-9658-A7773D0FD699}.Debug|Any CPU.ActiveCfg = Debug|Any CPU
		{601F5642-5058-4863-9658-A7773D0FD699}.Debug|Any CPU.Build.0 = Debug|Any CPU
		{601F5642-5058-4863-9658-A7773D0FD699}.Release|Any CPU.ActiveCfg = Release|Any CPU
		{601F5642-5058-4863-9658-A7773D0FD699}.Release|Any CPU.Build.0 = Release|Any CPU
		{8F35E241-9895-421F-A34E-C78CBB323113}.Debug|Any CPU.ActiveCfg = Debug|Any CPU
		{8F35E241-9895-421F-A34E-C78CBB323113}.Debug|Any CPU.Build.0 = Debug|Any CPU
		{8F35E241-9895-421F-A34E-C78CBB323113}.Release|Any CPU.ActiveCfg = Release|Any CPU
		{8F35E241-9895-421F-A34E-C78CBB323113}.Release|Any CPU.Build.0 = Release|Any CPU
		{62107E3E-EF3C-45DF-AE87-50C3C545D667}.Debug|Any CPU.ActiveCfg = Debug|Any CPU
		{62107E3E-EF3C-45DF-AE87-50C3C545D667}.Debug|Any CPU.Build.0 = Debug|Any CPU
		{62107E3E-EF3C-45DF-AE87-50C3C545D667}.Release|Any CPU.ActiveCfg = Release|Any CPU
		{62107E3E-EF3C-45DF-AE87-50C3C545D667}.Release|Any CPU.Build.0 = Release|Any CPU
		{649F891D-D221-48F6-8707-AFBD1ABE52E1}.Debug|Any CPU.ActiveCfg = Debug|Any CPU
		{649F891D-D221-48F6-8707-AFBD1ABE52E1}.Debug|Any CPU.Build.0 = Debug|Any CPU
		{649F891D-D221-48F6-8707-AFBD1ABE52E1}.Release|Any CPU.ActiveCfg = Release|Any CPU
		{649F891D-D221-48F6-8707-AFBD1ABE52E1}.Release|Any CPU.Build.0 = Release|Any CPU
		{4597CC73-7506-41B5-8873-81AA8226F352}.Debug|Any CPU.ActiveCfg = Debug|Any CPU
		{4597CC73-7506-41B5-8873-81AA8226F352}.Debug|Any CPU.Build.0 = Debug|Any CPU
		{4597CC73-7506-41B5-8873-81AA8226F352}.Release|Any CPU.ActiveCfg = Release|Any CPU
		{4597CC73-7506-41B5-8873-81AA8226F352}.Release|Any CPU.Build.0 = Release|Any CPU
		{FCCD04B2-777E-4513-A410-DD66EE80C598}.Debug|Any CPU.ActiveCfg = Debug|Any CPU
		{FCCD04B2-777E-4513-A410-DD66EE80C598}.Debug|Any CPU.Build.0 = Debug|Any CPU
		{FCCD04B2-777E-4513-A410-DD66EE80C598}.Release|Any CPU.ActiveCfg = Release|Any CPU
		{FCCD04B2-777E-4513-A410-DD66EE80C598}.Release|Any CPU.Build.0 = Release|Any CPU
		{79C3A681-A051-40A1-8383-0F20165E8A64}.Debug|Any CPU.ActiveCfg = Debug|Any CPU
		{79C3A681-A051-40A1-8383-0F20165E8A64}.Debug|Any CPU.Build.0 = Debug|Any CPU
		{79C3A681-A051-40A1-8383-0F20165E8A64}.Release|Any CPU.ActiveCfg = Release|Any CPU
		{79C3A681-A051-40A1-8383-0F20165E8A64}.Release|Any CPU.Build.0 = Release|Any CPU
	EndGlobalSection
	GlobalSection(SolutionProperties) = preSolution
		HideSolutionNode = FALSE
	EndGlobalSection
	GlobalSection(NestedProjects) = preSolution
		{40099B73-3A2C-426A-8DC1-560928FDDDB0} = {B542563B-50DF-454C-B817-11D4B6156557}
		{D8F64F34-961C-497C-BABA-D72A860195BB} = {B542563B-50DF-454C-B817-11D4B6156557}
		{B66FA591-2368-457C-95F8-4ACD37A2AEC3} = {40099B73-3A2C-426A-8DC1-560928FDDDB0}
		{55E2F71E-2CF3-4AF2-AE6A-27C3329402F2} = {96C4EA6D-69E0-454D-A17D-822DF052EEEC}
		{411EEB34-F6AB-4256-9CDB-20039F5A4C52} = {96C4EA6D-69E0-454D-A17D-822DF052EEEC}
		{8299E0F5-5972-4DDA-AFF8-5041A82E71FC} = {96C4EA6D-69E0-454D-A17D-822DF052EEEC}
		{59428B4B-424D-4A98-A8A3-21629933D448} = {8D6AB20D-2DDD-4293-9CE6-96D1A2524408}
		{35362311-433A-4248-ABAB-D0B8084569F7} = {8D6AB20D-2DDD-4293-9CE6-96D1A2524408}
		{DFA5D9A9-60D2-4CA7-9662-F2282350717B} = {65586714-1F0A-406D-BB48-D67702E5E220}
		{40447D61-3BD5-4384-AA0A-901C08AEB6D2} = {617BB9A1-851B-43AC-8E85-60EB012B15FC}
		{AD9B842C-0F3E-4EDE-84CF-3623779E3DE0} = {617BB9A1-851B-43AC-8E85-60EB012B15FC}
		{04160C2F-AC4E-40E8-B992-A1B3C9303A46} = {617BB9A1-851B-43AC-8E85-60EB012B15FC}
		{BEC88CA6-F599-45BE-9F20-E85AD4D51225} = {617BB9A1-851B-43AC-8E85-60EB012B15FC}
		{984A5A80-6F05-4F57-B411-1E9A5EAC7512} = {617BB9A1-851B-43AC-8E85-60EB012B15FC}
		{64D50121-819E-43B7-8CF0-3B83938AA2E4} = {617BB9A1-851B-43AC-8E85-60EB012B15FC}
		{64283DE9-F5C8-4984-9B62-1528411340CF} = {617BB9A1-851B-43AC-8E85-60EB012B15FC}
		{649F891D-D221-48F6-8707-AFBD1ABE52E1} = {617BB9A1-851B-43AC-8E85-60EB012B15FC}
		{79C3A681-A051-40A1-8383-0F20165E8A64} = {617BB9A1-851B-43AC-8E85-60EB012B15FC}
		{EF501428-9D5C-4A58-826B-66239AFEB920} = {C936EAD1-A467-4D30-9371-59B43D006EE5}
		{4F4BAC4E-C69F-4522-B715-EDBA6B433CE5} = {3BB242D8-3810-4E2B-B2F1-2A656F0691B2}
		{E5EA9529-AF15-4E64-B257-C02AA10B21CA} = {3BB242D8-3810-4E2B-B2F1-2A656F0691B2}
		{FF7FF725-AEE3-49EE-9F3F-79E727A95F59} = {3BB242D8-3810-4E2B-B2F1-2A656F0691B2}
		{066C2EE2-3B62-4981-A839-9BFC7FE2E75C} = {3BB242D8-3810-4E2B-B2F1-2A656F0691B2}
		{4854766B-8F69-4D7F-82D8-EBE856E67A70} = {3BB242D8-3810-4E2B-B2F1-2A656F0691B2}
		{E598E91F-31AD-4806-B575-0107BEDAA7E3} = {3BB242D8-3810-4E2B-B2F1-2A656F0691B2}
		{A9E8418D-6BCB-4518-80ED-6BF7A6A53C7D} = {3BB242D8-3810-4E2B-B2F1-2A656F0691B2}
		{C595EC45-5D98-4638-8EEE-845D1B39F0CA} = {3BB242D8-3810-4E2B-B2F1-2A656F0691B2}
		{601F5642-5058-4863-9658-A7773D0FD699} = {3BB242D8-3810-4E2B-B2F1-2A656F0691B2}
		{4597CC73-7506-41B5-8873-81AA8226F352} = {3BB242D8-3810-4E2B-B2F1-2A656F0691B2}
		{FCCD04B2-777E-4513-A410-DD66EE80C598} = {3BB242D8-3810-4E2B-B2F1-2A656F0691B2}
		{8F35E241-9895-421F-A34E-C78CBB323113} = {AF91BA04-653D-415D-9D5E-88C8429DFC15}
		{62107E3E-EF3C-45DF-AE87-50C3C545D667} = {AF91BA04-653D-415D-9D5E-88C8429DFC15}
	EndGlobalSection
EndGlobal
